github.com/tebeka/deque v0.1.2 h1:lKocNQHFmljH7RCyzG0pvJ7o+kUd5BNr5sz1aCFg5KQ=
github.com/tebeka/deque v0.1.2/go.mod h1:CZ6k5Cubo0ovHMGx8y8Q15RK1uv28Ic0CksAekIXP7A=
golang.org/x/exp v0.0.0-20231219180239-dc181d75b848 h1:+iq7lrkxmFNBM7xx+Rae2W6uyPfhPeDWD+n+JgppptE=
golang.org/x/exp v0.0.0-20231219180239-dc181d75b848/go.mod h1:iRJReGqOEeBhDZGkGbynYwcHlctCvnjTYIamk7uXpHI=
